
Microsoft Visual Studio Solution File, Format Version 12.00
# Visual Studio 15
VisualStudioVersion = 15.0.26124.0
MinimumVisualStudioVersion = 15.0.26124.0
Project("{2150E333-8FDC-42A3-9474-1A3956D46DE8}") = "src", "src", "{93D5FAC1-7F50-4E3B-99C4-8ED2A237861D}"
EndProject
Project("{FAE04EC0-301F-11D3-BF4B-00C04F79EFBC}") = "VPO.App", "src\VPO.App\VPO.App.csproj", "{17A8BB2B-9693-4A22-8A3C-3CFB2FAF4EB7}"
EndProject
Project("{FAE04EC0-301F-11D3-BF4B-00C04F79EFBC}") = "VPO.Business", "src\VPO.Business\VPO.Business.csproj", "{E8CE36B3-CC18-47CD-B9BB-DD1A479174C2}"
EndProject
Project("{FAE04EC0-301F-11D3-BF4B-00C04F79EFBC}") = "VPO.Data", "src\VPO.Data\VPO.Data.csproj", "{0D6CDD94-FD93-400C-9F76-2921CB1B6755}"
EndProject
Global
	GlobalSection(SolutionConfigurationPlatforms) = preSolution
		Debug|Any CPU = Debug|Any CPU
		Debug|x64 = Debug|x64
		Debug|x86 = Debug|x86
		Release|Any CPU = Release|Any CPU
		Release|x64 = Release|x64
		Release|x86 = Release|x86
	EndGlobalSection
	GlobalSection(SolutionProperties) = preSolution
		HideSolutionNode = FALSE
	EndGlobalSection
	GlobalSection(ProjectConfigurationPlatforms) = postSolution
		{17A8BB2B-9693-4A22-8A3C-3CFB2FAF4EB7}.Debug|Any CPU.ActiveCfg = Debug|Any CPU
		{17A8BB2B-9693-4A22-8A3C-3CFB2FAF4EB7}.Debug|Any CPU.Build.0 = Debug|Any CPU
		{17A8BB2B-9693-4A22-8A3C-3CFB2FAF4EB7}.Debug|x64.ActiveCfg = Debug|Any CPU
		{17A8BB2B-9693-4A22-8A3C-3CFB2FAF4EB7}.Debug|x64.Build.0 = Debug|Any CPU
		{17A8BB2B-9693-4A22-8A3C-3CFB2FAF4EB7}.Debug|x86.ActiveCfg = Debug|Any CPU
		{17A8BB2B-9693-4A22-8A3C-3CFB2FAF4EB7}.Debug|x86.Build.0 = Debug|Any CPU
		{17A8BB2B-9693-4A22-8A3C-3CFB2FAF4EB7}.Release|Any CPU.ActiveCfg = Release|Any CPU
		{17A8BB2B-9693-4A22-8A3C-3CFB2FAF4EB7}.Release|Any CPU.Build.0 = Release|Any CPU
		{17A8BB2B-9693-4A22-8A3C-3CFB2FAF4EB7}.Release|x64.ActiveCfg = Release|Any CPU
		{17A8BB2B-9693-4A22-8A3C-3CFB2FAF4EB7}.Release|x64.Build.0 = Release|Any CPU
		{17A8BB2B-9693-4A22-8A3C-3CFB2FAF4EB7}.Release|x86.ActiveCfg = Release|Any CPU
		{17A8BB2B-9693-4A22-8A3C-3CFB2FAF4EB7}.Release|x86.Build.0 = Release|Any CPU
		{E8CE36B3-CC18-47CD-B9BB-DD1A479174C2}.Debug|Any CPU.ActiveCfg = Debug|Any CPU
		{E8CE36B3-CC18-47CD-B9BB-DD1A479174C2}.Debug|Any CPU.Build.0 = Debug|Any CPU
		{E8CE36B3-CC18-47CD-B9BB-DD1A479174C2}.Debug|x64.ActiveCfg = Debug|Any CPU
		{E8CE36B3-CC18-47CD-B9BB-DD1A479174C2}.Debug|x64.Build.0 = Debug|Any CPU
		{E8CE36B3-CC18-47CD-B9BB-DD1A479174C2}.Debug|x86.ActiveCfg = Debug|Any CPU
		{E8CE36B3-CC18-47CD-B9BB-DD1A479174C2}.Debug|x86.Build.0 = Debug|Any CPU
		{E8CE36B3-CC18-47CD-B9BB-DD1A479174C2}.Release|Any CPU.ActiveCfg = Release|Any CPU
		{E8CE36B3-CC18-47CD-B9BB-DD1A479174C2}.Release|Any CPU.Build.0 = Release|Any CPU
		{E8CE36B3-CC18-47CD-B9BB-DD1A479174C2}.Release|x64.ActiveCfg = Release|Any CPU
		{E8CE36B3-CC18-47CD-B9BB-DD1A479174C2}.Release|x64.Build.0 = Release|Any CPU
		{E8CE36B3-CC18-47CD-B9BB-DD1A479174C2}.Release|x86.ActiveCfg = Release|Any CPU
		{E8CE36B3-CC18-47CD-B9BB-DD1A479174C2}.Release|x86.Build.0 = Release|Any CPU
		{0D6CDD94-FD93-400C-9F76-2921CB1B6755}.Debug|Any CPU.ActiveCfg = Debug|Any CPU
		{0D6CDD94-FD93-400C-9F76-2921CB1B6755}.Debug|Any CPU.Build.0 = Debug|Any CPU
		{0D6CDD94-FD93-400C-9F76-2921CB1B6755}.Debug|x64.ActiveCfg = Debug|Any CPU
		{0D6CDD94-FD93-400C-9F76-2921CB1B6755}.Debug|x64.Build.0 = Debug|Any CPU
		{0D6CDD94-FD93-400C-9F76-2921CB1B6755}.Debug|x86.ActiveCfg = Debug|Any CPU
		{0D6CDD94-FD93-400C-9F76-2921CB1B6755}.Debug|x86.Build.0 = Debug|Any CPU
		{0D6CDD94-FD93-400C-9F76-2921CB1B6755}.Release|Any CPU.ActiveCfg = Release|Any CPU
		{0D6CDD94-FD93-400C-9F76-2921CB1B6755}.Release|Any CPU.Build.0 = Release|Any CPU
		{0D6CDD94-FD93-400C-9F76-2921CB1B6755}.Release|x64.ActiveCfg = Release|Any CPU
		{0D6CDD94-FD93-400C-9F76-2921CB1B6755}.Release|x64.Build.0 = Release|Any CPU
		{0D6CDD94-FD93-400C-9F76-2921CB1B6755}.Release|x86.ActiveCfg = Release|Any CPU
		{0D6CDD94-FD93-400C-9F76-2921CB1B6755}.Release|x86.Build.0 = Release|Any CPU
	EndGlobalSection
	GlobalSection(NestedProjects) = preSolution
		{17A8BB2B-9693-4A22-8A3C-3CFB2FAF4EB7} = {93D5FAC1-7F50-4E3B-99C4-8ED2A237861D}
		{E8CE36B3-CC18-47CD-B9BB-DD1A479174C2} = {93D5FAC1-7F50-4E3B-99C4-8ED2A237861D}
		{0D6CDD94-FD93-400C-9F76-2921CB1B6755} = {93D5FAC1-7F50-4E3B-99C4-8ED2A237861D}
	EndGlobalSection
EndGlobal
